{
  "version": 4,
  "terraform_version": "1.1.2",
  "serial": 271,
  "lineage": "98a0018b-284f-d019-9db1-10815b950dae",
  "outputs": {
    "apigw_url": {
      "value": "https://k0obsrp6xj.execute-api.us-east-1.amazonaws.com/dev",
      "type": "string"
    },
    "function_name": {
      "value": "terraform_lambda_handler",
      "type": "string"
    }
  },
  "resources": [
    {
      "mode": "data",
      "type": "aws_availability_zones",
      "name": "available",
      "provider": "provider[\"registry.terraform.io/hashicorp/aws\"]",
      "instances": [
        {
          "schema_version": 0,
          "attributes": {
            "all_availability_zones": null,
            "exclude_names": null,
            "exclude_zone_ids": null,
            "filter": null,
            "group_names": [
              "us-east-1"
            ],
            "id": "us-east-1",
            "names": [
              "us-east-1a",
              "us-east-1b",
              "us-east-1c",
              "us-east-1d",
              "us-east-1e",
              "us-east-1f"
            ],
            "state": null,
            "zone_ids": [
              "use1-az4",
              "use1-az6",
              "use1-az1",
              "use1-az2",
              "use1-az3",
              "use1-az5"
            ]
          },
          "sensitive_attributes": []
        }
      ]
    },
    {
      "mode": "data",
      "type": "aws_caller_identity",
      "name": "current",
      "provider": "provider[\"registry.terraform.io/hashicorp/aws\"]",
      "instances": [
        {
          "schema_version": 0,
          "attributes": {
            "account_id": "409396177599",
            "arn": "arn:aws:iam::409396177599:user/willrubel",
            "id": "409396177599",
            "user_id": "AIDAV6UPJ5K7SCUCS5CC5"
          },
          "sensitive_attributes": []
        }
      ]
    },
    {
      "mode": "data",
      "type": "aws_iam_policy_document",
      "name": "apigw",
      "provider": "provider[\"registry.terraform.io/hashicorp/aws\"]",
      "instances": [
        {
          "schema_version": 0,
          "attributes": {
            "id": "4277072099",
            "json": "{\n  \"Version\": \"2012-10-17\",\n  \"Statement\": [\n    {\n      \"Sid\": \"\",\n      \"Effect\": \"Allow\",\n      \"Action\": \"execute-api:Invoke\",\n      \"Resource\": \"*\",\n      \"Principal\": {\n        \"AWS\": \"*\"\n      }\n    },\n    {\n      \"Sid\": \"\",\n      \"Effect\": \"Deny\",\n      \"Action\": \"execute-api:Invoke\",\n      \"Resource\": \"*\",\n      \"Principal\": {\n        \"AWS\": \"*\"\n      },\n      \"Condition\": {\n        \"StringNotEquals\": {\n          \"aws:SourceVpc\": \"vpc-088ecea7920d51795\"\n        }\n      }\n    }\n  ]\n}",
            "override_json": null,
            "override_policy_documents": null,
            "policy_id": null,
            "source_json": null,
            "source_policy_documents": null,
            "statement": [
              {
                "actions": [
                  "execute-api:Invoke"
                ],
                "condition": [],
                "effect": "Allow",
                "not_actions": [],
                "not_principals": [],
                "not_resources": [],
                "principals": [
                  {
                    "identifiers": [
                      "*"
                    ],
                    "type": "AWS"
                  }
                ],
                "resources": [
                  "*"
                ],
                "sid": ""
              },
              {
                "actions": [
                  "execute-api:Invoke"
                ],
                "condition": [
                  {
                    "test": "StringNotEquals",
                    "values": [
                      "vpc-088ecea7920d51795"
                    ],
                    "variable": "aws:SourceVpc"
                  }
                ],
                "effect": "Deny",
                "not_actions": [],
                "not_principals": [],
                "not_resources": [],
                "principals": [
                  {
                    "identifiers": [
                      "*"
                    ],
                    "type": "AWS"
                  }
                ],
                "resources": [
                  "*"
                ],
                "sid": ""
              }
            ],
            "version": "2012-10-17"
          },
          "sensitive_attributes": []
        }
      ]
    },
    {
      "mode": "data",
      "type": "aws_security_group",
      "name": "test",
      "provider": "provider[\"registry.terraform.io/hashicorp/aws\"]",
      "instances": [
        {
          "schema_version": 0,
          "attributes": {
            "arn": "arn:aws:ec2:us-east-1:409396177599:security-group/sg-00d3e9031275cea41",
            "description": "default VPC security group",
            "filter": null,
            "id": "sg-00d3e9031275cea41",
            "name": "default",
            "tags": {},
            "vpc_id": "vpc-088ecea7920d51795"
          },
          "sensitive_attributes": []
        }
      ]
    },
    {
      "mode": "data",
      "type": "aws_vpc_endpoint_service",
      "name": "test",
      "provider": "provider[\"registry.terraform.io/hashicorp/aws\"]",
      "instances": [
        {
          "schema_version": 0,
          "attributes": {
            "acceptance_required": false,
            "arn": "arn:aws:ec2:us-east-1:409396177599:vpc-endpoint-service/vpce-svc-0454dffa46eff9534",
            "availability_zones": [
              "us-east-1a",
              "us-east-1b",
              "us-east-1c",
              "us-east-1d",
              "us-east-1e",
              "us-east-1f"
            ],
            "base_endpoint_dns_names": [
              "execute-api.us-east-1.vpce.amazonaws.com"
            ],
            "filter": null,
            "id": "3564554781",
            "manages_vpc_endpoints": false,
            "owner": "amazon",
            "private_dns_name": "*.execute-api.us-east-1.amazonaws.com",
            "service": "execute-api",
            "service_id": "vpce-svc-0454dffa46eff9534",
            "service_name": "com.amazonaws.us-east-1.execute-api",
            "service_type": "Interface",
            "tags": {},
            "vpc_endpoint_policy_supported": true
          },
          "sensitive_attributes": []
        }
      ]
    },
    {
      "mode": "data",
      "type": "external",
      "name": "lambda_archive",
      "provider": "provider[\"registry.terraform.io/hashicorp/external\"]",
      "instances": [
        {
          "schema_version": 0,
          "attributes": {
            "id": "-",
            "program": [
              "python3",
              "./scripts/build_lambda.py",
              "src_dir",
              "./python",
              "output_path",
              "./artifacts/lambda.zip",
              "install_dependencies",
              "true"
            ],
            "query": null,
            "result": {
              "archive": "./artifacts/lambda.zip",
              "base64sha256": "9sQgbqkBNZDeZzpelDk14sR9FknY2hTzALnhM42NtBg="
            },
            "working_dir": null
          },
          "sensitive_attributes": []
        }
      ]
    },
    {
      "mode": "data",
      "type": "template_file",
      "name": "policy",
      "provider": "provider[\"registry.terraform.io/hashicorp/template\"]",
      "instances": [
        {
          "schema_version": 0,
          "attributes": {
            "filename": null,
            "id": "cdde26d737cf8cfb8dbafb74009935474ff32b1ddf82351e1753e9a23c8fdbf1",
            "rendered": "{\n    \"Version\": \"2012-10-17\",\n    \"Statement\": [\n        {\n            \"Action\": [\n              \"ec2:DescribeNetworkInterfaces\",\n              \"ec2:CreateNetworkInterface\",\n              \"ec2:DeleteNetworkInterface\",\n              \"ec2:DescribeInstances\",\n              \"ec2:AttachNetworkInterface\"\n            ],\n            \"Resource\": \"*\",\n            \"Effect\": \"Allow\"\n        }\n    ]\n}",
            "template": "{\n    \"Version\": \"2012-10-17\",\n    \"Statement\": [\n        {\n            \"Action\": [\n              \"ec2:DescribeNetworkInterfaces\",\n              \"ec2:CreateNetworkInterface\",\n              \"ec2:DeleteNetworkInterface\",\n              \"ec2:DescribeInstances\",\n              \"ec2:AttachNetworkInterface\"\n            ],\n            \"Resource\": \"*\",\n            \"Effect\": \"Allow\"\n        }\n    ]\n}",
            "vars": null
          },
          "sensitive_attributes": []
        }
      ]
    },
    {
      "mode": "managed",
      "type": "aws_api_gateway_deployment",
      "name": "deployment",
      "provider": "provider[\"registry.terraform.io/hashicorp/aws\"]",
      "instances": [
        {
          "schema_version": 0,
          "attributes": {
            "created_date": "2021-12-27T02:27:25Z",
            "description": "",
            "execution_arn": "arn:aws:execute-api:us-east-1:409396177599:k0obsrp6xj/dev",
            "id": "2o9i1x",
            "invoke_url": "https://k0obsrp6xj.execute-api.us-east-1.amazonaws.com/dev",
            "rest_api_id": "k0obsrp6xj",
            "stage_description": null,
            "stage_name": "dev",
            "triggers": null,
            "variables": null
          },
          "sensitive_attributes": [],
          "private": "bnVsbA==",
          "dependencies": [
            "aws_api_gateway_integration.lambda",
            "aws_api_gateway_method.proxyMethod",
            "aws_api_gateway_method.proxy_root",
            "aws_lambda_function.lambda",
            "aws_subnet.private",
            "data.aws_iam_policy_document.apigw",
            "aws_api_gateway_resource.proxy",
            "aws_api_gateway_rest_api.apiLambda",
            "aws_iam_role.lambda_exec",
            "aws_s3_bucket.lambda_bucket",
            "aws_vpc.test",
            "data.external.lambda_archive",
            "aws_vpc_endpoint.test",
            "data.aws_vpc_endpoint_service.test",
            "aws_api_gateway_integration.lambda_root",
            "aws_s3_bucket_object.object",
            "aws_subnet.public",
            "data.aws_security_group.test"
          ],
          "create_before_destroy": true
        }
      ]
    },
    {
      "mode": "managed",
      "type": "aws_api_gateway_integration",
      "name": "lambda",
      "provider": "provider[\"registry.terraform.io/hashicorp/aws\"]",
      "instances": [
        {
          "schema_version": 0,
          "attributes": {
            "cache_key_parameters": [],
            "cache_namespace": "1m0a8e",
            "connection_id": "",
            "connection_type": "INTERNET",
            "content_handling": "",
            "credentials": "",
            "http_method": "ANY",
            "id": "agi-k0obsrp6xj-1m0a8e-ANY",
            "integration_http_method": "POST",
            "passthrough_behavior": "WHEN_NO_MATCH",
            "request_parameters": {},
            "request_templates": {},
            "resource_id": "1m0a8e",
            "rest_api_id": "k0obsrp6xj",
            "timeout_milliseconds": 29000,
            "tls_config": [],
            "type": "AWS_PROXY",
            "uri": "arn:aws:apigateway:us-east-1:lambda:path/2015-03-31/functions/arn:aws:lambda:us-east-1:409396177599:function:terraform_lambda_handler/invocations"
          },
          "sensitive_attributes": [],
          "private": "bnVsbA==",
          "dependencies": [
            "aws_s3_bucket.lambda_bucket",
            "aws_vpc.test",
            "aws_vpc_endpoint.test",
            "aws_s3_bucket_object.object",
            "aws_subnet.public",
            "data.external.lambda_archive",
            "aws_api_gateway_method.proxyMethod",
            "aws_api_gateway_resource.proxy",
            "aws_iam_role.lambda_exec",
            "aws_subnet.private",
            "data.aws_security_group.test",
            "data.aws_vpc_endpoint_service.test",
            "aws_api_gateway_rest_api.apiLambda",
            "aws_lambda_function.lambda",
            "data.aws_iam_policy_document.apigw"
          ],
          "create_before_destroy": true
        }
      ]
    },
    {
      "mode": "managed",
      "type": "aws_api_gateway_integration",
      "name": "lambda_root",
      "provider": "provider[\"registry.terraform.io/hashicorp/aws\"]",
      "instances": [
        {
          "schema_version": 0,
          "attributes": {
            "cache_key_parameters": [],
            "cache_namespace": "67fgey7ro4",
            "connection_id": "",
            "connection_type": "INTERNET",
            "content_handling": "",
            "credentials": "",
            "http_method": "ANY",
            "id": "agi-k0obsrp6xj-67fgey7ro4-ANY",
            "integration_http_method": "POST",
            "passthrough_behavior": "WHEN_NO_MATCH",
            "request_parameters": {},
            "request_templates": {},
            "resource_id": "67fgey7ro4",
            "rest_api_id": "k0obsrp6xj",
            "timeout_milliseconds": 29000,
            "tls_config": [],
            "type": "AWS_PROXY",
            "uri": "arn:aws:apigateway:us-east-1:lambda:path/2015-03-31/functions/arn:aws:lambda:us-east-1:409396177599:function:terraform_lambda_handler/invocations"
          },
          "sensitive_attributes": [],
          "private": "bnVsbA==",
          "dependencies": [
            "aws_subnet.public",
            "aws_vpc_endpoint.test",
            "data.aws_vpc_endpoint_service.test",
            "aws_api_gateway_method.proxy_root",
            "aws_iam_role.lambda_exec",
            "aws_lambda_function.lambda",
            "aws_api_gateway_rest_api.apiLambda",
            "aws_s3_bucket_object.object",
            "data.aws_iam_policy_document.apigw",
            "aws_s3_bucket.lambda_bucket",
            "aws_subnet.private",
            "data.aws_security_group.test",
            "aws_vpc.test",
            "data.external.lambda_archive"
          ],
          "create_before_destroy": true
        }
      ]
    },
    {
      "mode": "managed",
      "type": "aws_api_gateway_method",
      "name": "proxyMethod",
      "provider": "provider[\"registry.terraform.io/hashicorp/aws\"]",
      "instances": [
        {
          "schema_version": 0,
          "attributes": {
            "api_key_required": false,
            "authorization": "NONE",
            "authorization_scopes": [],
            "authorizer_id": "",
            "http_method": "ANY",
            "id": "agm-k0obsrp6xj-1m0a8e-ANY",
            "operation_name": "",
            "request_models": {},
            "request_parameters": {},
            "request_validator_id": "",
            "resource_id": "1m0a8e",
            "rest_api_id": "k0obsrp6xj"
          },
          "sensitive_attributes": [],
          "private": "bnVsbA==",
          "dependencies": [
            "data.aws_security_group.test",
            "aws_api_gateway_resource.proxy",
            "aws_subnet.private",
            "aws_vpc.test",
            "data.aws_iam_policy_document.apigw",
            "aws_api_gateway_rest_api.apiLambda",
            "aws_subnet.public",
            "aws_vpc_endpoint.test",
            "data.aws_vpc_endpoint_service.test"
          ],
          "create_before_destroy": true
        }
      ]
    },
    {
      "mode": "managed",
      "type": "aws_api_gateway_method",
      "name": "proxy_root",
      "provider": "provider[\"registry.terraform.io/hashicorp/aws\"]",
      "instances": [
        {
          "schema_version": 0,
          "attributes": {
            "api_key_required": false,
            "authorization": "NONE",
            "authorization_scopes": [],
            "authorizer_id": "",
            "http_method": "ANY",
            "id": "agm-k0obsrp6xj-67fgey7ro4-ANY",
            "operation_name": "",
            "request_models": {},
            "request_parameters": {},
            "request_validator_id": "",
            "resource_id": "67fgey7ro4",
            "rest_api_id": "k0obsrp6xj"
          },
          "sensitive_attributes": [],
          "private": "bnVsbA==",
          "dependencies": [
            "data.aws_security_group.test",
            "data.aws_vpc_endpoint_service.test",
            "aws_api_gateway_rest_api.apiLambda",
            "aws_subnet.private",
            "aws_subnet.public",
            "aws_vpc.test",
            "aws_vpc_endpoint.test",
            "data.aws_iam_policy_document.apigw"
          ],
          "create_before_destroy": true
        }
      ]
    },
    {
      "mode": "managed",
      "type": "aws_api_gateway_resource",
      "name": "proxy",
      "provider": "provider[\"registry.terraform.io/hashicorp/aws\"]",
      "instances": [
        {
          "schema_version": 0,
          "attributes": {
            "id": "1m0a8e",
            "parent_id": "67fgey7ro4",
            "path": "/{proxy+}",
            "path_part": "{proxy+}",
            "rest_api_id": "k0obsrp6xj"
          },
          "sensitive_attributes": [],
          "private": "bnVsbA==",
          "dependencies": [
            "aws_vpc_endpoint.test",
            "data.aws_iam_policy_document.apigw",
            "data.aws_security_group.test",
            "data.aws_vpc_endpoint_service.test",
            "aws_api_gateway_rest_api.apiLambda",
            "aws_subnet.private",
            "aws_subnet.public",
            "aws_vpc.test"
          ],
          "create_before_destroy": true
        }
      ]
    },
    {
      "mode": "managed",
      "type": "aws_api_gateway_rest_api",
      "name": "apiLambda",
      "provider": "provider[\"registry.terraform.io/hashicorp/aws\"]",
      "instances": [
        {
          "schema_version": 0,
          "attributes": {
            "api_key_source": "HEADER",
            "arn": "arn:aws:apigateway:us-east-1::/restapis/k0obsrp6xj",
            "binary_media_types": [],
            "body": null,
            "created_date": "2021-12-27T02:25:10Z",
            "description": "",
            "disable_execute_api_endpoint": false,
            "endpoint_configuration": [
              {
                "types": [
                  "PRIVATE"
                ],
                "vpc_endpoint_ids": [
                  "vpce-0323e10ba251ed49b"
                ]
              }
            ],
            "execution_arn": "arn:aws:execute-api:us-east-1:409396177599:k0obsrp6xj",
            "id": "k0obsrp6xj",
            "minimum_compression_size": -1,
            "name": "some-api",
            "parameters": null,
            "policy": "{\n  \"Version\": \"2012-10-17\",\n  \"Statement\": [\n    {\n      \"Sid\": \"\",\n      \"Effect\": \"Allow\",\n      \"Action\": \"execute-api:Invoke\",\n      \"Resource\": \"*\",\n      \"Principal\": {\n        \"AWS\": \"*\"\n      }\n    },\n    {\n      \"Sid\": \"\",\n      \"Effect\": \"Deny\",\n      \"Action\": \"execute-api:Invoke\",\n      \"Resource\": \"*\",\n      \"Principal\": {\n        \"AWS\": \"*\"\n      },\n      \"Condition\": {\n        \"StringNotEquals\": {\n          \"aws:SourceVpc\": \"vpc-088ecea7920d51795\"\n        }\n      }\n    }\n  ]\n}",
            "root_resource_id": "67fgey7ro4",
            "tags": {},
            "tags_all": {}
          },
          "sensitive_attributes": [],
          "private": "bnVsbA==",
          "dependencies": [
            "aws_vpc_endpoint.test",
            "data.aws_iam_policy_document.apigw",
            "data.aws_security_group.test",
            "data.aws_vpc_endpoint_service.test",
            "aws_subnet.private",
            "aws_subnet.public",
            "aws_vpc.test"
          ],
          "create_before_destroy": true
        }
      ]
    },
    {
      "mode": "managed",
      "type": "aws_api_gateway_rest_api_policy",
      "name": "test",
      "provider": "provider[\"registry.terraform.io/hashicorp/aws\"]",
      "instances": [
        {
          "schema_version": 0,
          "attributes": {
            "id": "k0obsrp6xj",
            "policy": "{\n  \"Version\": \"2012-10-17\",\n  \"Statement\": [\n    {\n      \"Sid\": \"\",\n      \"Effect\": \"Allow\",\n      \"Action\": \"execute-api:Invoke\",\n      \"Resource\": \"*\",\n      \"Principal\": {\n        \"AWS\": \"*\"\n      }\n    },\n    {\n      \"Sid\": \"\",\n      \"Effect\": \"Deny\",\n      \"Action\": \"execute-api:Invoke\",\n      \"Resource\": \"*\",\n      \"Principal\": {\n        \"AWS\": \"*\"\n      },\n      \"Condition\": {\n        \"StringNotEquals\": {\n          \"aws:SourceVpc\": \"vpc-088ecea7920d51795\"\n        }\n      }\n    }\n  ]\n}",
            "rest_api_id": "k0obsrp6xj"
          },
          "sensitive_attributes": [],
          "private": "bnVsbA==",
          "dependencies": [
            "aws_vpc.test",
            "aws_vpc_endpoint.test",
            "data.aws_iam_policy_document.apigw",
            "data.aws_security_group.test",
            "data.aws_vpc_endpoint_service.test",
            "aws_api_gateway_rest_api.apiLambda",
            "aws_subnet.private",
            "aws_subnet.public"
          ]
        }
      ]
    },
    {
      "mode": "managed",
      "type": "aws_api_gateway_stage",
      "name": "stage",
      "provider": "provider[\"registry.terraform.io/hashicorp/aws\"]",
      "instances": [
        {
          "schema_version": 0,
          "attributes": {
            "access_log_settings": [],
            "arn": "arn:aws:apigateway:us-east-1::/restapis/k0obsrp6xj/stages/test",
            "cache_cluster_enabled": false,
            "cache_cluster_size": "",
            "client_certificate_id": "",
            "deployment_id": "2o9i1x",
            "description": "",
            "documentation_version": "",
            "execution_arn": "arn:aws:execute-api:us-east-1:409396177599:k0obsrp6xj/test",
            "id": "ags-k0obsrp6xj-test",
            "invoke_url": "https://k0obsrp6xj.execute-api.us-east-1.amazonaws.com/test",
            "rest_api_id": "k0obsrp6xj",
            "stage_name": "test",
            "tags": {},
            "tags_all": {},
            "variables": {},
            "xray_tracing_enabled": false
          },
          "sensitive_attributes": [],
          "private": "bnVsbA==",
          "dependencies": [
            "aws_api_gateway_integration.lambda",
            "aws_api_gateway_integration.lambda_root",
            "aws_subnet.private",
            "aws_api_gateway_deployment.deployment",
            "aws_iam_role.lambda_exec",
            "aws_vpc.test",
            "aws_vpc_endpoint.test",
            "data.aws_vpc_endpoint_service.test",
            "data.external.lambda_archive",
            "aws_api_gateway_method.proxy_root",
            "aws_lambda_function.lambda",
            "aws_s3_bucket.lambda_bucket",
            "aws_s3_bucket_object.object",
            "data.aws_iam_policy_document.apigw",
            "data.aws_security_group.test",
            "aws_api_gateway_method.proxyMethod",
            "aws_api_gateway_resource.proxy",
            "aws_api_gateway_rest_api.apiLambda",
            "aws_subnet.public"
          ]
        }
      ]
    },
    {
      "mode": "managed",
      "type": "aws_iam_policy",
      "name": "example",
      "provider": "provider[\"registry.terraform.io/hashicorp/aws\"]",
      "instances": [
        {
          "schema_version": 0,
          "attributes": {
            "arn": "arn:aws:iam::409396177599:policy/mypolicy",
            "description": "IAM policy for ",
            "id": "arn:aws:iam::409396177599:policy/mypolicy",
            "name": "mypolicy",
            "name_prefix": null,
            "path": "/",
            "policy": "{\"Statement\":[{\"Action\":[\"ec2:DescribeNetworkInterfaces\",\"ec2:CreateNetworkInterface\",\"ec2:DeleteNetworkInterface\",\"ec2:DescribeInstances\",\"ec2:AttachNetworkInterface\"],\"Effect\":\"Allow\",\"Resource\":\"*\"}],\"Version\":\"2012-10-17\"}",
            "policy_id": "ANPAV6UPJ5K7UZLH5DM7A",
            "tags": {},
            "tags_all": {}
          },
          "sensitive_attributes": [],
          "private": "bnVsbA==",
          "dependencies": [
            "data.template_file.policy"
          ]
        }
      ]
    },
    {
      "mode": "managed",
      "type": "aws_iam_role",
      "name": "lambda_exec",
      "provider": "provider[\"registry.terraform.io/hashicorp/aws\"]",
      "instances": [
        {
          "schema_version": 0,
          "attributes": {
            "arn": "arn:aws:iam::409396177599:role/serverless_lambda",
            "assume_role_policy": "{\"Version\":\"2012-10-17\",\"Statement\":[{\"Sid\":\"\",\"Effect\":\"Allow\",\"Principal\":{\"Service\":\"lambda.amazonaws.com\"},\"Action\":\"sts:AssumeRole\"}]}",
            "create_date": "2021-12-27T02:23:13Z",
            "description": "",
            "force_detach_policies": false,
            "id": "serverless_lambda",
            "inline_policy": [
              {
                "name": "",
                "policy": ""
              }
            ],
            "managed_policy_arns": [
              "arn:aws:iam::409396177599:policy/mypolicy",
              "arn:aws:iam::aws:policy/service-role/AWSLambdaBasicExecutionRole"
            ],
            "max_session_duration": 3600,
            "name": "serverless_lambda",
            "name_prefix": "",
            "path": "/",
            "permissions_boundary": null,
            "tags": {},
            "tags_all": {},
            "unique_id": "AROAV6UPJ5K7TEBLFXWFB"
          },
          "sensitive_attributes": [],
          "private": "bnVsbA==",
          "create_before_destroy": true
        }
      ]
    },
    {
      "mode": "managed",
      "type": "aws_iam_role_policy_attachment",
      "name": "example",
      "provider": "provider[\"registry.terraform.io/hashicorp/aws\"]",
      "instances": [
        {
          "schema_version": 0,
          "attributes": {
            "id": "serverless_lambda-20211227022316475400000001",
            "policy_arn": "arn:aws:iam::409396177599:policy/mypolicy",
            "role": "serverless_lambda"
          },
          "sensitive_attributes": [],
          "private": "bnVsbA==",
          "dependencies": [
            "aws_iam_policy.example",
            "aws_iam_role.lambda_exec",
            "data.template_file.policy"
          ]
        }
      ]
    },
    {
      "mode": "managed",
      "type": "aws_iam_role_policy_attachment",
      "name": "lambda_policy",
      "provider": "provider[\"registry.terraform.io/hashicorp/aws\"]",
      "instances": [
        {
          "schema_version": 0,
          "attributes": {
            "id": "serverless_lambda-20211227022316492400000002",
            "policy_arn": "arn:aws:iam::aws:policy/service-role/AWSLambdaBasicExecutionRole",
            "role": "serverless_lambda"
          },
          "sensitive_attributes": [],
          "private": "bnVsbA==",
          "dependencies": [
            "aws_iam_role.lambda_exec"
          ]
        }
      ]
    },
    {
      "mode": "managed",
      "type": "aws_internet_gateway",
      "name": "test_env_gw",
      "provider": "provider[\"registry.terraform.io/hashicorp/aws\"]",
      "instances": [
        {
          "schema_version": 0,
          "attributes": {
            "arn": "arn:aws:ec2:us-east-1:409396177599:internet-gateway/igw-01e0b208eaebed3ab",
            "id": "igw-01e0b208eaebed3ab",
            "owner_id": "409396177599",
            "tags": {},
            "tags_all": {},
            "vpc_id": "vpc-088ecea7920d51795"
          },
          "sensitive_attributes": [],
          "private": "bnVsbA==",
          "dependencies": [
            "aws_vpc.test"
          ]
        }
      ]
    },
    {
      "mode": "managed",
      "type": "aws_lambda_function",
      "name": "lambda",
      "provider": "provider[\"registry.terraform.io/hashicorp/aws\"]",
      "instances": [
        {
          "schema_version": 0,
          "attributes": {
            "architectures": [
              "x86_64"
            ],
            "arn": "arn:aws:lambda:us-east-1:409396177599:function:terraform_lambda_handler",
            "code_signing_config_arn": "",
            "dead_letter_config": [],
            "description": "",
            "environment": [],
            "file_system_config": [],
            "filename": null,
            "function_name": "terraform_lambda_handler",
            "handler": "lambda_function.lambda_handler",
            "id": "terraform_lambda_handler",
            "image_config": [],
            "image_uri": "",
            "invoke_arn": "arn:aws:apigateway:us-east-1:lambda:path/2015-03-31/functions/arn:aws:lambda:us-east-1:409396177599:function:terraform_lambda_handler/invocations",
            "kms_key_arn": "",
            "last_modified": "2021-12-28T21:11:54.000+0000",
            "layers": [
              "arn:aws:lambda:us-east-1:553035198032:layer:git:14"
            ],
            "memory_size": 1024,
            "package_type": "Zip",
            "publish": false,
            "qualified_arn": "arn:aws:lambda:us-east-1:409396177599:function:terraform_lambda_handler:$LATEST",
            "reserved_concurrent_executions": -1,
            "role": "arn:aws:iam::409396177599:role/serverless_lambda",
            "runtime": "python3.6",
            "s3_bucket": "wills-lambda-bucket",
            "s3_key": "lambda.zip",
            "s3_object_version": null,
            "signing_job_arn": "",
            "signing_profile_version_arn": "",
            "source_code_hash": "9sQgbqkBNZDeZzpelDk14sR9FknY2hTzALnhM42NtBg=",
            "source_code_size": 108572872,
            "tags": {},
            "tags_all": {},
            "timeout": 600,
            "timeouts": null,
            "tracing_config": [
              {
                "mode": "PassThrough"
              }
            ],
            "version": "$LATEST",
            "vpc_config": [
              {
                "security_group_ids": [
                  "sg-00d3e9031275cea41"
                ],
                "subnet_ids": [
                  "subnet-0269e80b14d5a7fbd",
                  "subnet-0955b15edd748ca64"
                ],
                "vpc_id": "vpc-088ecea7920d51795"
              }
            ]
          },
          "sensitive_attributes": [],
          "private": "eyJlMmJmYjczMC1lY2FhLTExZTYtOGY4OC0zNDM2M2JjN2M0YzAiOnsiY3JlYXRlIjo2MDAwMDAwMDAwMDB9fQ==",
          "dependencies": [
            "aws_subnet.private",
            "aws_subnet.public",
            "aws_vpc.test",
            "data.aws_security_group.test",
            "data.external.lambda_archive",
            "aws_iam_role.lambda_exec",
            "aws_s3_bucket.lambda_bucket",
            "aws_s3_bucket_object.object"
          ],
          "create_before_destroy": true
        }
      ]
    },
    {
      "mode": "managed",
      "type": "aws_lambda_permission",
      "name": "apigw_lambda",
      "provider": "provider[\"registry.terraform.io/hashicorp/aws\"]",
      "instances": [
        {
          "schema_version": 0,
          "attributes": {
            "action": "lambda:InvokeFunction",
            "event_source_token": null,
            "function_name": "arn:aws:lambda:us-east-1:409396177599:function:terraform_lambda_handler",
            "id": "AllowExecutionFromAPIGateway",
            "principal": "apigateway.amazonaws.com",
            "qualifier": "",
            "source_account": null,
            "source_arn": "arn:aws:execute-api:us-east-1:409396177599:k0obsrp6xj/*/*",
            "statement_id": "AllowExecutionFromAPIGateway",
            "statement_id_prefix": null
          },
          "sensitive_attributes": [],
          "private": "bnVsbA==",
          "dependencies": [
            "aws_s3_bucket.lambda_bucket",
            "aws_subnet.public",
            "aws_vpc.test",
            "aws_vpc_endpoint.test",
            "data.aws_security_group.test",
            "aws_api_gateway_rest_api.apiLambda",
            "aws_lambda_function.lambda",
            "aws_subnet.private",
            "data.aws_iam_policy_document.apigw",
            "data.aws_vpc_endpoint_service.test",
            "data.external.lambda_archive",
            "aws_iam_role.lambda_exec",
            "aws_s3_bucket_object.object"
          ]
        }
      ]
    },
    {
      "mode": "managed",
      "type": "aws_route_table",
      "name": "route_table",
      "provider": "provider[\"registry.terraform.io/hashicorp/aws\"]",
      "instances": [
        {
          "schema_version": 0,
          "attributes": {
            "arn": "arn:aws:ec2:us-east-1:409396177599:route-table/rtb-00de66ad377785678",
            "id": "rtb-00de66ad377785678",
            "owner_id": "409396177599",
            "propagating_vgws": [],
            "route": [
              {
                "carrier_gateway_id": "",
                "cidr_block": "0.0.0.0/0",
                "destination_prefix_list_id": "",
                "egress_only_gateway_id": "",
                "gateway_id": "igw-01e0b208eaebed3ab",
                "instance_id": "",
                "ipv6_cidr_block": "",
                "local_gateway_id": "",
                "nat_gateway_id": "",
                "network_interface_id": "",
                "transit_gateway_id": "",
                "vpc_endpoint_id": "",
                "vpc_peering_connection_id": ""
              }
            ],
            "tags": {},
            "tags_all": {},
            "timeouts": null,
            "vpc_id": "vpc-088ecea7920d51795"
          },
          "sensitive_attributes": [],
          "private": "eyJlMmJmYjczMC1lY2FhLTExZTYtOGY4OC0zNDM2M2JjN2M0YzAiOnsiY3JlYXRlIjozMDAwMDAwMDAwMDAsImRlbGV0ZSI6MzAwMDAwMDAwMDAwLCJ1cGRhdGUiOjEyMDAwMDAwMDAwMH19",
          "dependencies": [
            "aws_vpc.test",
            "aws_internet_gateway.test_env_gw"
          ]
        }
      ]
    },
    {
      "mode": "managed",
      "type": "aws_route_table_association",
      "name": "subnet_assoc",
      "provider": "provider[\"registry.terraform.io/hashicorp/aws\"]",
      "instances": [
        {
          "schema_version": 0,
          "attributes": {
            "gateway_id": "",
            "id": "rtbassoc-0296f669dfb568f47",
            "route_table_id": "rtb-00de66ad377785678",
            "subnet_id": "subnet-0955b15edd748ca64"
          },
          "sensitive_attributes": [],
          "private": "bnVsbA==",
          "dependencies": [
            "aws_internet_gateway.test_env_gw",
            "aws_route_table.route_table",
            "aws_subnet.public",
            "aws_vpc.test"
          ]
        }
      ]
    },
    {
      "mode": "managed",
      "type": "aws_s3_bucket",
      "name": "lambda_bucket",
      "provider": "provider[\"registry.terraform.io/hashicorp/aws\"]",
      "instances": [
        {
          "schema_version": 0,
          "attributes": {
            "acceleration_status": "",
            "acl": "private",
            "arn": "arn:aws:s3:::wills-lambda-bucket",
            "bucket": "wills-lambda-bucket",
            "bucket_domain_name": "wills-lambda-bucket.s3.amazonaws.com",
            "bucket_prefix": null,
            "bucket_regional_domain_name": "wills-lambda-bucket.s3.amazonaws.com",
            "cors_rule": [],
            "force_destroy": true,
            "grant": [],
            "hosted_zone_id": "Z3AQBSTGFYJSTF",
            "id": "wills-lambda-bucket",
            "lifecycle_rule": [],
            "logging": [],
            "object_lock_configuration": [],
            "policy": null,
            "region": "us-east-1",
            "replication_configuration": [],
            "request_payer": "BucketOwner",
            "server_side_encryption_configuration": [],
            "tags": {
              "Name": "wills-lambda-bucket"
            },
            "tags_all": {
              "Name": "wills-lambda-bucket"
            },
            "versioning": [
              {
                "enabled": false,
                "mfa_delete": false
              }
            ],
            "website": [],
            "website_domain": null,
            "website_endpoint": null
          },
          "sensitive_attributes": [],
          "private": "bnVsbA==",
          "create_before_destroy": true
        }
      ]
    },
    {
      "mode": "managed",
      "type": "aws_s3_bucket_object",
      "name": "object",
      "provider": "provider[\"registry.terraform.io/hashicorp/aws\"]",
      "instances": [
        {
          "schema_version": 0,
          "attributes": {
            "acl": "private",
            "bucket": "wills-lambda-bucket",
            "bucket_key_enabled": false,
            "cache_control": "",
            "content": null,
            "content_base64": null,
            "content_disposition": "",
            "content_encoding": "",
            "content_language": "",
            "content_type": "binary/octet-stream",
            "etag": "110cd96da245bf1a81c7e11bbd6c39ec",
            "force_destroy": false,
            "id": "lambda.zip",
            "key": "lambda.zip",
            "kms_key_id": null,
            "metadata": {},
            "object_lock_legal_hold_status": "",
            "object_lock_mode": "",
            "object_lock_retain_until_date": "",
            "server_side_encryption": "",
            "source": "./artifacts/lambda.zip",
            "source_hash": null,
            "storage_class": "STANDARD",
            "tags": {},
            "tags_all": {},
            "version_id": "",
            "website_redirect": ""
          },
          "sensitive_attributes": [],
          "private": "bnVsbA==",
          "dependencies": [
            "aws_s3_bucket.lambda_bucket",
            "data.external.lambda_archive"
          ],
          "create_before_destroy": true
        }
      ]
    },
    {
      "mode": "managed",
      "type": "aws_subnet",
      "name": "private",
      "provider": "provider[\"registry.terraform.io/hashicorp/aws\"]",
      "instances": [
        {
          "schema_version": 1,
          "attributes": {
            "arn": "arn:aws:ec2:us-east-1:409396177599:subnet/subnet-0269e80b14d5a7fbd",
            "assign_ipv6_address_on_creation": false,
            "availability_zone": "us-east-1b",
            "availability_zone_id": "use1-az6",
            "cidr_block": "10.0.2.0/24",
            "customer_owned_ipv4_pool": "",
            "id": "subnet-0269e80b14d5a7fbd",
            "ipv6_cidr_block": "",
            "ipv6_cidr_block_association_id": "",
            "map_customer_owned_ip_on_launch": false,
            "map_public_ip_on_launch": false,
            "outpost_arn": "",
            "owner_id": "409396177599",
            "tags": {},
            "tags_all": {},
            "timeouts": null,
            "vpc_id": "vpc-088ecea7920d51795"
          },
          "sensitive_attributes": [],
          "private": "eyJlMmJmYjczMC1lY2FhLTExZTYtOGY4OC0zNDM2M2JjN2M0YzAiOnsiY3JlYXRlIjo2MDAwMDAwMDAwMDAsImRlbGV0ZSI6MTIwMDAwMDAwMDAwMH0sInNjaGVtYV92ZXJzaW9uIjoiMSJ9",
          "dependencies": [
            "aws_vpc.test"
          ],
          "create_before_destroy": true
        }
      ]
    },
    {
      "mode": "managed",
      "type": "aws_subnet",
      "name": "public",
      "provider": "provider[\"registry.terraform.io/hashicorp/aws\"]",
      "instances": [
        {
          "schema_version": 1,
          "attributes": {
            "arn": "arn:aws:ec2:us-east-1:409396177599:subnet/subnet-0955b15edd748ca64",
            "assign_ipv6_address_on_creation": false,
            "availability_zone": "us-east-1a",
            "availability_zone_id": "use1-az4",
            "cidr_block": "10.0.1.0/24",
            "customer_owned_ipv4_pool": "",
            "id": "subnet-0955b15edd748ca64",
            "ipv6_cidr_block": "",
            "ipv6_cidr_block_association_id": "",
            "map_customer_owned_ip_on_launch": false,
            "map_public_ip_on_launch": false,
            "outpost_arn": "",
            "owner_id": "409396177599",
            "tags": {},
            "tags_all": {},
            "timeouts": null,
            "vpc_id": "vpc-088ecea7920d51795"
          },
          "sensitive_attributes": [],
          "private": "eyJlMmJmYjczMC1lY2FhLTExZTYtOGY4OC0zNDM2M2JjN2M0YzAiOnsiY3JlYXRlIjo2MDAwMDAwMDAwMDAsImRlbGV0ZSI6MTIwMDAwMDAwMDAwMH0sInNjaGVtYV92ZXJzaW9uIjoiMSJ9",
          "dependencies": [
            "aws_vpc.test"
          ],
          "create_before_destroy": true
        }
      ]
    },
    {
      "mode": "managed",
      "type": "aws_vpc",
      "name": "test",
      "provider": "provider[\"registry.terraform.io/hashicorp/aws\"]",
      "instances": [
        {
          "schema_version": 1,
          "attributes": {
            "arn": "arn:aws:ec2:us-east-1:409396177599:vpc/vpc-088ecea7920d51795",
            "assign_generated_ipv6_cidr_block": false,
            "cidr_block": "10.0.0.0/16",
            "default_network_acl_id": "acl-0c160d81a92481475",
            "default_route_table_id": "rtb-022ede5b369022c56",
            "default_security_group_id": "sg-00d3e9031275cea41",
            "dhcp_options_id": "dopt-52a0ea29",
            "enable_classiclink": false,
            "enable_classiclink_dns_support": false,
            "enable_dns_hostnames": true,
            "enable_dns_support": true,
            "id": "vpc-088ecea7920d51795",
            "instance_tenancy": "default",
            "ipv4_ipam_pool_id": null,
            "ipv4_netmask_length": null,
            "ipv6_association_id": "",
            "ipv6_cidr_block": "",
            "ipv6_ipam_pool_id": null,
            "ipv6_netmask_length": null,
            "main_route_table_id": "rtb-022ede5b369022c56",
            "owner_id": "409396177599",
            "tags": {},
            "tags_all": {}
          },
          "sensitive_attributes": [],
          "private": "eyJzY2hlbWFfdmVyc2lvbiI6IjEifQ==",
          "create_before_destroy": true
        }
      ]
    },
    {
      "mode": "managed",
      "type": "aws_vpc_endpoint",
      "name": "test",
      "provider": "provider[\"registry.terraform.io/hashicorp/aws\"]",
      "instances": [
        {
          "schema_version": 0,
          "attributes": {
            "arn": "arn:aws:ec2:us-east-1:409396177599:vpc-endpoint/vpce-0323e10ba251ed49b",
            "auto_accept": null,
            "cidr_blocks": [],
            "dns_entry": [
              {
                "dns_name": "vpce-0323e10ba251ed49b-ffnzah71.execute-api.us-east-1.vpce.amazonaws.com",
                "hosted_zone_id": "Z7HUB22UULQXV"
              },
              {
                "dns_name": "vpce-0323e10ba251ed49b-ffnzah71-us-east-1b.execute-api.us-east-1.vpce.amazonaws.com",
                "hosted_zone_id": "Z7HUB22UULQXV"
              },
              {
                "dns_name": "vpce-0323e10ba251ed49b-ffnzah71-us-east-1a.execute-api.us-east-1.vpce.amazonaws.com",
                "hosted_zone_id": "Z7HUB22UULQXV"
              },
              {
                "dns_name": "execute-api.us-east-1.amazonaws.com",
                "hosted_zone_id": "Z05437391C0FDWTTGSX4M"
              },
              {
                "dns_name": "*.execute-api.us-east-1.amazonaws.com",
                "hosted_zone_id": "Z05437391C0FDWTTGSX4M"
              }
            ],
            "id": "vpce-0323e10ba251ed49b",
            "network_interface_ids": [
              "eni-0018e6f537026836e",
              "eni-0db5c2a35c4116539"
            ],
            "owner_id": "409396177599",
            "policy": "{\"Statement\":[{\"Action\":\"*\",\"Effect\":\"Allow\",\"Principal\":\"*\",\"Resource\":\"*\"}]}",
            "prefix_list_id": null,
            "private_dns_enabled": true,
            "requester_managed": false,
            "route_table_ids": [],
            "security_group_ids": [
              "sg-00d3e9031275cea41"
            ],
            "service_name": "com.amazonaws.us-east-1.execute-api",
            "state": "available",
            "subnet_ids": [
              "subnet-0269e80b14d5a7fbd",
              "subnet-0955b15edd748ca64"
            ],
            "tags": {},
            "tags_all": {},
            "timeouts": null,
            "vpc_endpoint_type": "Interface",
            "vpc_id": "vpc-088ecea7920d51795"
          },
          "sensitive_attributes": [],
          "private": "eyJlMmJmYjczMC1lY2FhLTExZTYtOGY4OC0zNDM2M2JjN2M0YzAiOnsiY3JlYXRlIjo2MDAwMDAwMDAwMDAsImRlbGV0ZSI6NjAwMDAwMDAwMDAwLCJ1cGRhdGUiOjYwMDAwMDAwMDAwMH19",
          "dependencies": [
            "aws_vpc.test",
            "data.aws_security_group.test",
            "data.aws_vpc_endpoint_service.test",
            "aws_subnet.private",
            "aws_subnet.public"
          ],
          "create_before_destroy": true
        }
      ]
    }
  ]
}
